# AODSL production dependency lock
# INV-053 — Reproducible Dependency & SBOM Integrity
#
# Certified runtime target: CPython 3.12
# psycopg-binary approved artifacts:
#   macOS x86_64
#   Linux manylinux2014 x86_64

psycopg==3.3.6 --hash=sha256:a1db9f7148b06a28606767efaca51fa6f9398c5c0a3810519be69d7000bdb631
psycopg-binary==3.3.6 --hash=sha256:1679a1cb93fbe5a6d1fd58d82cbddcc6fcb8c61446ba7cae6eb2a7b19bc585de --hash=sha256:3f84dab25e0385692ee13274c68678377e0b1a70ab9d14e56264cbf61f60c62d
typing-extensions==4.16.0 --hash=sha256:481caa481374e813c1b176ada14e97f1f67a4539ce9cfeb3f350d78d6370c2e8
